
Microsoft Visual Studio Solution File, Format Version 12.00
# Visual Studio Version 17
VisualStudioVersion = 17.3.32901.215
MinimumVisualStudioVersion = 10.0.40219.1
Project("{FAE04EC0-301F-11D3-BF4B-00C04F79EFBC}") = "PracticaCV_SaraGL", "PracticaCV_SaraGL.csproj", "{B1FD21D0-0D88-448F-8963-AFF68C6EF111}"
EndProject
Global
	GlobalSection(SolutionConfigurationPlatforms) = preSolution
		Debug|Any CPU = Debug|Any CPU
		Release|Any CPU = Release|Any CPU
	EndGlobalSection
	GlobalSection(ProjectConfigurationPlatforms) = postSolution
		{B1FD21D0-0D88-448F-8963-AFF68C6EF111}.Debug|Any CPU.ActiveCfg = Debug|Any CPU
		{B1FD21D0-0D88-448F-8963-AFF68C6EF111}.Debug|Any CPU.Build.0 = Debug|Any CPU
		{B1FD21D0-0D88-448F-8963-AFF68C6EF111}.Release|Any CPU.ActiveCfg = Release|Any CPU
		{B1FD21D0-0D88-448F-8963-AFF68C6EF111}.Release|Any CPU.Build.0 = Release|Any CPU
	EndGlobalSection
	GlobalSection(SolutionProperties) = preSolution
		HideSolutionNode = FALSE
	EndGlobalSection
	GlobalSection(ExtensibilityGlobals) = postSolution
		SolutionGuid = {49C126E0-D849-4F95-B8F7-7363BC6A2A3E}
	EndGlobalSection
EndGlobal
